<Solution>
  <Project Path="TixTapGo.AppHost/TixTapGo.AppHost.csproj"/>
  <Project Path="TixTapGo.AuthService/TixTapGo.AuthService.csproj"/>
  <Project Path="TixTapGo.EventService/TixTapGo.EventService.csproj"/>
  <Project Path="TixTapGo.Gateway/TixTapGo.Gateway.csproj"/>
  <Project Path="TixTapGo.ServiceDefaults/TixTapGo.ServiceDefaults.csproj"/>
  <Project Path="TixTapGo.Shared/TixTapGo.Shared.csproj"/>
  <Project Path="TixTapGo.Api/TixTapGo.Api.csproj"/>
</Solution>
